{
  "version": 4,
  "terraform_version": "1.6.6",
  "serial": 3,
  "lineage": "c33dd0ac-fe51-05a1-9dcb-bcac0c0cbb7a",
  "outputs": {
    "template_id": {
      "value": "422f4d06-9515-d233-ac0f-c1eef5102b8a",
      "type": "string"
    },
    "vm_name": {
      "value": "vm-terraform-01",
      "type": "string"
    }
  },
  "resources": [
    {
      "mode": "data",
      "type": "vsphere_datacenter",
      "name": "dc",
      "provider": "provider[\"registry.terraform.io/vmware/vsphere\"]",
      "instances": [
        {
          "schema_version": 0,
          "attributes": {
            "id": "datacenter-2",
            "name": "Datacenter-Local",
            "virtual_machines": [
              "ABCDE-template",
              "Alfresco-ubuntu18-alfresco7",
              "Alicloud-DB-TMS-PROD",
              "Alicloud-DMS\u0026Inspirasi-PROD",
              "Alicloud-Portal-2014-DTS-PROD",
              "Alicloud-TAX-PROD",
              "Alicloud-VPC-PROD",
              "B2CTESTING-APP",
              "Backup-JIRA2-INFUS",
              "Backup-NGINXPROXYMANAGER-INFUS",
              "Backup-PluginJira-INFUS",
              "Backup-VEEAM-INFUS",
              "Connector",
              "Linux-Ubn1",
              "Linux-Ubn2",
              "Linux-Ubn3",
              "LogFligh",
              "Mautic to log web",
              "SERVER-DB-POSGRES",
              "SV-CACTI-PROD",
              "SV-DAYAWISATA-PROD",
              "SV-DB-ALL-DEV",
              "SV-DB-ALL-PROD",
              "SV-DB-ALL-PROD-002",
              "SV-DEV-OPS",
              "SV-Dev-Tooljet-ADK",
              "SV-Dwitours",
              "SV-ISABEL-PROD",
              "SV-Inspirasi",
              "SV-JIRA1-PROD",
              "SV-JIRA2-PROD",
              "SV-METABASE-PROD",
              "SV-NPM-PROD",
              "SV-NPM-SOPHOS-PROD",
              "SV-NUSANTARA-PROD",
              "SV-OwnCloud-PROD",
              "SV-PAPERCUT-PROD",
              "SV-PSBALI-PROD",
              "SV-PSCN-PROD",
              "SV-PSDD-PROD",
              "SV-PSDI-PROD",
              "SV-PSEZ-PROD",
              "SV-PSNWI-PROD",
              "SV-PSSYDNEY-PROD",
              "SV-RDP-Sysadmin-PROD",
              "SV-REDIS-VPC",
              "SV-RPA-ROBOT-PROD",
              "SV-RPA-STUDIO-PROD",
              "SV-STA3.079",
              "SV-STG-INV",
              "SV-ScriptJobJira-PROD",
              "SV-TMS-Database-PROD",
              "SV-TOOLJET",
              "SV-TOOLJET-PROD-ADK",
              "SV-TOOLS-REMOTE",
              "SV-Tooljet-2.10.2-PROD",
              "SV-WIN-DD",
              "SV-Warehouse-PROD",
              "SVR-001",
              "SVR-002",
              "SVR-APOUT",
              "SVR-FALCON",
              "SVR-HA",
              "SVR-NFS-API-FROM-ALI",
              "SVR-NFS-WEB",
              "SVR-PROMETHEUS",
              "SVR-PRTG",
              "SVR-UBNT-01",
              "SVR-WEBSITE",
              "SVR-ZABBIX",
              "Tomcat",
              "Tools-API-Out-SONIA",
              "Tools-CMI-MARCOMM",
              "Tools-GLPI-INFUS",
              "Tools-NC28-INFUS",
              "Tools-OnlyOffice-INFUS",
              "Tools-Rustdesk-INFUS",
              "Tools-Snapit-INFUS",
              "Tools-UOB-SONIA",
              "Tools-UnifiController-INFUS",
              "Tools-Waduh-Wansun",
              "Tools-Windows10-FK",
              "Tools-Zabbix-INFUS",
              "UBNT-2",
              "Ubuntu_24.04",
              "VCSAppliance",
              "VR-DTS",
              "VS-DATABASE-ALL-ALIBABA",
              "VS-VPC-Web-Application",
              "Windows-02",
              "Windows-03",
              "Windows-04",
              "Windows-05",
              "Windows-06",
              "dashboard-alibaba",
              "mautic",
              "ubuntu 18 Master"
            ]
          },
          "sensitive_attributes": []
        }
      ]
    },
    {
      "mode": "data",
      "type": "vsphere_datastore",
      "name": "datastore",
      "provider": "provider[\"registry.terraform.io/vmware/vsphere\"]",
      "instances": [
        {
          "schema_version": 0,
          "attributes": {
            "datacenter_id": "datacenter-2",
            "id": "datastore-127",
            "name": "datastore1",
            "stats": {
              "capacity": "11994233044992",
              "free": "5852595486720"
            }
          },
          "sensitive_attributes": []
        }
      ]
    },
    {
      "mode": "data",
      "type": "vsphere_host",
      "name": "host",
      "provider": "provider[\"registry.terraform.io/vmware/vsphere\"]",
      "instances": [
        {
          "schema_version": 0,
          "attributes": {
            "datacenter_id": "datacenter-2",
            "id": "host-126",
            "name": "10.70.100.161",
            "resource_pool_id": "resgroup-125"
          },
          "sensitive_attributes": []
        }
      ]
    },
    {
      "mode": "data",
      "type": "vsphere_network",
      "name": "network",
      "provider": "provider[\"registry.terraform.io/vmware/vsphere\"]",
      "instances": [
        {
          "schema_version": 0,
          "attributes": {
            "datacenter_id": "datacenter-2",
            "distributed_virtual_switch_uuid": null,
            "filter": null,
            "id": "network-11",
            "name": "VM Network",
            "retry_interval": 500,
            "retry_timeout": 0,
            "type": "Network",
            "vpc_id": null
          },
          "sensitive_attributes": []
        }
      ]
    },
    {
      "mode": "data",
      "type": "vsphere_virtual_machine",
      "name": "template",
      "provider": "provider[\"registry.terraform.io/vmware/vsphere\"]",
      "instances": [
        {
          "schema_version": 0,
          "attributes": {
            "alternate_guest_name": "",
            "annotation": "",
            "boot_delay": 0,
            "boot_retry_delay": 10000,
            "boot_retry_enabled": false,
            "change_version": "2025-11-24T07:19:30.338211Z",
            "cpu_hot_add_enabled": false,
            "cpu_hot_remove_enabled": false,
            "cpu_limit": -1,
            "cpu_performance_counters_enabled": false,
            "cpu_reservation": 0,
            "cpu_share_count": 12000,
            "cpu_share_level": "normal",
            "datacenter_id": "datacenter-2",
            "default_ip_address": null,
            "disks": [
              {
                "eagerly_scrub": false,
                "label": "Hard disk 1",
                "size": 200,
                "thin_provisioned": false,
                "unit_number": 0
              }
            ],
            "efi_secure_boot_enabled": false,
            "enable_disk_uuid": false,
            "enable_logging": true,
            "ept_rvi_mode": "automatic",
            "extra_config": {},
            "extra_config_reboot_required": true,
            "firmware": "bios",
            "folder": "Templates",
            "guest_id": "ubuntu64Guest",
            "guest_ip_addresses": [],
            "hardware_version": 13,
            "hv_mode": "hvAuto",
            "id": "422f4d06-9515-d233-ac0f-c1eef5102b8a",
            "ide_controller_scan_count": 2,
            "instance_uuid": "502ff8e6-90ed-ec2d-13a7-16306522db07",
            "latency_sensitivity": "normal",
            "memory": 32768,
            "memory_hot_add_enabled": false,
            "memory_limit": -1,
            "memory_reservation": 0,
            "memory_reservation_locked_to_max": false,
            "memory_share_count": 327680,
            "memory_share_level": "normal",
            "moid": "vm-269",
            "name": "ABCDE-template",
            "nested_hv_enabled": false,
            "network_interface_types": [
              "vmxnet3"
            ],
            "network_interfaces": [
              {
                "adapter_type": "vmxnet3",
                "bandwidth_limit": -1,
                "bandwidth_reservation": 0,
                "bandwidth_share_count": 50,
                "bandwidth_share_level": "normal",
                "mac_address": "00:50:56:af:fc:2a",
                "network_id": "network-11",
                "physical_function": ""
              }
            ],
            "num_cores_per_socket": 1,
            "num_cpus": 12,
            "nvme_controller_scan_count": 1,
            "replace_trigger": null,
            "run_tools_scripts_after_power_on": true,
            "run_tools_scripts_after_resume": true,
            "run_tools_scripts_before_guest_reboot": false,
            "run_tools_scripts_before_guest_shutdown": true,
            "run_tools_scripts_before_guest_standby": true,
            "sata_controller_scan_count": 0,
            "scsi_bus_sharing": "noSharing",
            "scsi_controller_scan_count": 1,
            "scsi_type": "lsilogic",
            "storage_policy_id": null,
            "swap_placement_policy": "inherit",
            "sync_time_with_host": false,
            "sync_time_with_host_periodically": null,
            "tools_upgrade_policy": "manual",
            "uuid": "422f4d06-9515-d233-ac0f-c1eef5102b8a",
            "vapp": null,
            "vapp_transport": [],
            "vbs_enabled": null,
            "vtpm": false,
            "vvtd_enabled": null
          },
          "sensitive_attributes": []
        }
      ]
    },
    {
      "mode": "managed",
      "type": "vsphere_virtual_machine",
      "name": "vm",
      "provider": "provider[\"registry.terraform.io/vmware/vsphere\"]",
      "instances": [
        {
          "status": "tainted",
          "schema_version": 3,
          "attributes": {
            "alternate_guest_name": null,
            "annotation": null,
            "boot_delay": null,
            "boot_retry_delay": 10000,
            "boot_retry_enabled": null,
            "cdrom": [],
            "change_version": null,
            "clone": [
              {
                "customization_spec": [],
                "customize": [
                  {
                    "dns_server_list": null,
                    "dns_suffix_list": null,
                    "ipv4_gateway": "192.168.1.1",
                    "ipv6_gateway": "",
                    "linux_options": [
                      {
                        "domain": "company.local",
                        "host_name": "vm-terraform-01",
                        "hw_clock_utc": true,
                        "script_text": "",
                        "time_zone": ""
                      }
                    ],
                    "network_interface": [
                      {
                        "dns_domain": "",
                        "dns_server_list": null,
                        "ipv4_address": "192.168.1.50",
                        "ipv4_netmask": 24,
                        "ipv6_address": "",
                        "ipv6_netmask": 0
                      }
                    ],
                    "timeout": 10,
                    "windows_options": [],
                    "windows_sysprep_text": ""
                  }
                ],
                "linked_clone": false,
                "ovf_network_map": null,
                "ovf_storage_map": null,
                "template_uuid": "422f4d06-9515-d233-ac0f-c1eef5102b8a",
                "timeout": 30
              }
            ],
            "cpu_hot_add_enabled": null,
            "cpu_hot_remove_enabled": null,
            "cpu_limit": -1,
            "cpu_performance_counters_enabled": null,
            "cpu_reservation": null,
            "cpu_share_count": null,
            "cpu_share_level": "normal",
            "custom_attributes": null,
            "datacenter_id": null,
            "datastore_cluster_id": null,
            "datastore_id": "datastore-127",
            "default_ip_address": null,
            "disk": [
              {
                "attach": false,
                "controller_type": "scsi",
                "datastore_id": "datastore-127",
                "device_address": "scsi:0:0",
                "disk_mode": "persistent",
                "disk_sharing": "sharingNone",
                "eagerly_scrub": false,
                "io_limit": -1,
                "io_reservation": 0,
                "io_share_count": 1000,
                "io_share_level": "normal",
                "keep_on_remove": false,
                "key": 2000,
                "label": "disk0",
                "path": "vm-terraform-01/vm-terraform-01.vmdk",
                "size": 200,
                "storage_policy_id": "",
                "thin_provisioned": true,
                "unit_number": 0,
                "uuid": "6000C29f-841c-e21d-beb3-2775ea3f9f01",
                "write_through": false
              }
            ],
            "efi_secure_boot_enabled": null,
            "enable_disk_uuid": null,
            "enable_logging": null,
            "ept_rvi_mode": null,
            "extra_config": null,
            "extra_config_reboot_required": true,
            "firmware": "bios",
            "folder": null,
            "force_power_off": true,
            "guest_id": "ubuntu64Guest",
            "guest_ip_addresses": null,
            "hardware_version": null,
            "host_system_id": null,
            "hv_mode": null,
            "id": "422ffadc-1ba1-76f0-4084-bff35eaa0ea5",
            "ide_controller_count": 2,
            "ignored_guest_ips": null,
            "imported": null,
            "latency_sensitivity": "normal",
            "memory": 4096,
            "memory_hot_add_enabled": null,
            "memory_limit": -1,
            "memory_reservation": null,
            "memory_reservation_locked_to_max": null,
            "memory_share_count": null,
            "memory_share_level": "normal",
            "migrate_wait_timeout": 30,
            "moid": null,
            "name": "vm-terraform-01",
            "nested_hv_enabled": null,
            "network_interface": [
              {
                "adapter_type": "vmxnet3",
                "bandwidth_limit": -1,
                "bandwidth_reservation": 0,
                "bandwidth_share_count": 0,
                "bandwidth_share_level": "normal",
                "device_address": "pci:0:-1",
                "key": -201,
                "mac_address": "",
                "network_id": "network-11",
                "ovf_mapping": "",
                "physical_function": "",
                "use_static_mac": false
              }
            ],
            "num_cores_per_socket": 1,
            "num_cpus": 2,
            "nvme_controller_count": 0,
            "ovf_deploy": [],
            "pci_device_id": null,
            "power_state": null,
            "poweron_timeout": 300,
            "reboot_required": true,
            "replace_trigger": null,
            "resource_pool_id": "resgroup-125",
            "run_tools_scripts_after_power_on": true,
            "run_tools_scripts_after_resume": true,
            "run_tools_scripts_before_guest_reboot": null,
            "run_tools_scripts_before_guest_shutdown": true,
            "run_tools_scripts_before_guest_standby": true,
            "sata_controller_count": 0,
            "scsi_bus_sharing": "noSharing",
            "scsi_controller_count": 1,
            "scsi_type": "pvscsi",
            "shutdown_wait_timeout": 3,
            "storage_policy_id": null,
            "swap_placement_policy": "inherit",
            "sync_time_with_host": true,
            "sync_time_with_host_periodically": null,
            "tags": null,
            "tools_upgrade_policy": "manual",
            "uuid": null,
            "vapp": [],
            "vapp_transport": null,
            "vbs_enabled": null,
            "vmware_tools_status": null,
            "vmx_path": null,
            "vtpm": [],
            "vvtd_enabled": null,
            "wait_for_guest_ip_timeout": 0,
            "wait_for_guest_net_routable": true,
            "wait_for_guest_net_timeout": 5
          },
          "sensitive_attributes": [],
          "private": "eyJzY2hlbWFfdmVyc2lvbiI6IjMifQ==",
          "dependencies": [
            "data.vsphere_datacenter.dc",
            "data.vsphere_datastore.datastore",
            "data.vsphere_host.host",
            "data.vsphere_network.network",
            "data.vsphere_virtual_machine.template"
          ]
        }
      ]
    }
  ],
  "check_results": null
}
